// !$*UTF8*$!
{
	archiveVersion = 1;
	classes = {
	};
	objectVersion = 46;
	objects = {

/* Begin PBXBuildFile section */
		E9BDE34D186A959400FD665C /* Foundation.framework in Frameworks */ = {isa = PBXBuildFile; fileRef = E9BDE34C186A959400FD665C /* Foundation.framework */; };
		E9BDE34F186A959400FD665C /* CoreGraphics.framework in Frameworks */ = {isa = PBXBuildFile; fileRef = E9BDE34E186A959400FD665C /* CoreGraphics.framework */; };
		E9BDE351186A959400FD665C /* UIKit.framework in Frameworks */ = {isa = PBXBuildFile; fileRef = E9BDE350186A959400FD665C /* UIKit.framework */; };
		E9BDE357186A959400FD665C /* InfoPlist.strings in Resources */ = {isa = PBXBuildFile; fileRef = E9BDE355186A959400FD665C /* InfoPlist.strings */; };
		E9BDE359186A959400FD665C /* main.m in Sources */ = {isa = PBXBuildFile; fileRef = E9BDE358186A959400FD665C /* main.m */; };
		E9BDE35D186A959400FD665C /* AppDelegate.m in Sources */ = {isa = PBXBuildFile; fileRef = E9BDE35C186A959400FD665C /* AppDelegate.m */; };
		E9BDE360186A959400FD665C /* Main.storyboard in Resources */ = {isa = PBXBuildFile; fileRef = E9BDE35E186A959400FD665C /* Main.storyboard */; };
		E9BDE363186A959400FD665C /* ViewController.m in Sources */ = {isa = PBXBuildFile; fileRef = E9BDE362186A959400FD665C /* ViewController.m */; };
		E9BDE365186A959400FD665C /* Images.xcassets in Resources */ = {isa = PBXBuildFile; fileRef = E9BDE364186A959400FD665C /* Images.xcassets */; };
		E9BDE36C186A959400FD665C /* XCTest.framework in Frameworks */ = {isa = PBXBuildFile; fileRef = E9BDE36B186A959400FD665C /* XCTest.framework */; };
		E9BDE36D186A959400FD665C /* Foundation.framework in Frameworks */ = {isa = PBXBuildFile; fileRef = E9BDE34C186A959400FD665C /* Foundation.framework */; };
		E9BDE36E186A959400FD665C /* UIKit.framework in Frameworks */ = {isa = PBXBuildFile; fileRef = E9BDE350186A959400FD665C /* UIKit.framework */; };
		E9BDE376186A959400FD665C /* InfoPlist.strings in Resources */ = {isa = PBXBuildFile; fileRef = E9BDE374186A959400FD665C /* InfoPlist.strings */; };
		E9BDE378186A959400FD665C /* VhallTests.m in Sources */ = {isa = PBXBuildFile; fileRef = E9BDE377186A959400FD665C /* VhallTests.m */; };
/* End PBXBuildFile section */

/* Begin PBXContainerItemProxy section */
		E9BDE36F186A959400FD665C /* PBXContainerItemProxy */ = {
			isa = PBXContainerItemProxy;
			containerPortal = E9BDE341186A959400FD665C /* Project object */;
			proxyType = 1;
			remoteGlobalIDString = E9BDE348186A959400FD665C;
			remoteInfo = Vhall;
		};
/* End PBXContainerItemProxy section */

/* Begin PBXFileReference section */
		E9BDE349186A959400FD665C /* Vhall.app */ = {isa = PBXFileReference; explicitFileType = wrapper.application; includeInIndex = 0; path = Vhall.app; sourceTree = BUILT_PRODUCTS_DIR; };
		E9BDE34C186A959400FD665C /* Foundation.framework */ = {isa = PBXFileReference; lastKnownFileType = wrapper.framework; name = Foundation.framework; path = System/Library/Frameworks/Foundation.framework; sourceTree = SDKROOT; };
		E9BDE34E186A959400FD665C /* CoreGraphics.framework */ = {isa = PBXFileReference; lastKnownFileType = wrapper.framework; name = CoreGraphics.framework; path = System/Library/Frameworks/CoreGraphics.framework; sourceTree = SDKROOT; };
		E9BDE350186A959400FD665C /* UIKit.framework */ = {isa = PBXFileReference; lastKnownFileType = wrapper.framework; name = UIKit.framework; path = System/Library/Frameworks/UIKit.framework; sourceTree = SDKROOT; };
		E9BDE354186A959400FD665C /* Vhall-Info.plist */ = {isa = PBXFileReference; lastKnownFileType = text.plist.xml; path = "Vhall-Info.plist"; sourceTree = "<group>"; };
		E9BDE356186A959400FD665C /* en */ = {isa = PBXFileReference; lastKnownFileType = text.plist.strings; name = en; path = en.lproj/InfoPlist.strings; sourceTree = "<group>"; };
		E9BDE358186A959400FD665C /* main.m */ = {isa = PBXFileReference; lastKnownFileType = sourcecode.c.objc; path = main.m; sourceTree = "<group>"; };
		E9BDE35A186A959400FD665C /* Vhall-Prefix.pch */ = {isa = PBXFileReference; lastKnownFileType = sourcecode.c.h; path = "Vhall-Prefix.pch"; sourceTree = "<group>"; };
		E9BDE35B186A959400FD665C /* AppDelegate.h */ = {isa = PBXFileReference; lastKnownFileType = sourcecode.c.h; path = AppDelegate.h; sourceTree = "<group>"; };
		E9BDE35C186A959400FD665C /* AppDelegate.m */ = {isa = PBXFileReference; lastKnownFileType = sourcecode.c.objc; path = AppDelegate.m; sourceTree = "<group>"; };
		E9BDE35F186A959400FD665C /* Base */ = {isa = PBXFileReference; lastKnownFileType = file.storyboard; name = Base; path = Base.lproj/Main.storyboard; sourceTree = "<group>"; };
		E9BDE361186A959400FD665C /* ViewController.h */ = {isa = PBXFileReference; lastKnownFileType = sourcecode.c.h; path = ViewController.h; sourceTree = "<group>"; };
		E9BDE362186A959400FD665C /* ViewController.m */ = {isa = PBXFileReference; lastKnownFileType = sourcecode.c.objc; path = ViewController.m; sourceTree = "<group>"; };
		E9BDE364186A959400FD665C /* Images.xcassets */ = {isa = PBXFileReference; lastKnownFileType = folder.assetcatalog; path = Images.xcassets; sourceTree = "<group>"; };
		E9BDE36A186A959400FD665C /* VhallTests.xctest */ = {isa = PBXFileReference; explicitFileType = wrapper.cfbundle; includeInIndex = 0; path = VhallTests.xctest; sourceTree = BUILT_PRODUCTS_DIR; };
		E9BDE36B186A959400FD665C /* XCTest.framework */ = {isa = PBXFileReference; lastKnownFileType = wrapper.framework; name = XCTest.framework; path = Library/Frameworks/XCTest.framework; sourceTree = DEVELOPER_DIR; };
		E9BDE373186A959400FD665C /* VhallTests-Info.plist */ = {isa = PBXFileReference; lastKnownFileType = text.plist.xml; path = "VhallTests-Info.plist"; sourceTree = "<group>"; };
		E9BDE375186A959400FD665C /* en */ = {isa = PBXFileReference; lastKnownFileType = text.plist.strings; name = en; path = en.lproj/InfoPlist.strings; sourceTree = "<group>"; };
		E9BDE377186A959400FD665C /* VhallTests.m */ = {isa = PBXFileReference; lastKnownFileType = sourcecode.c.objc; path = VhallTests.m; sourceTree = "<group>"; };
/* End PBXFileReference section */

/* Begin PBXFrameworksBuildPhase section */
		E9BDE346186A959400FD665C /* Frameworks */ = {
			isa = PBXFrameworksBuildPhase;
			buildActionMask = 2147483647;
			files = (
				E9BDE34F186A959400FD665C /* CoreGraphics.framework in Frameworks */,
				E9BDE351186A959400FD665C /* UIKit.framework in Frameworks */,
				E9BDE34D186A959400FD665C /* Foundation.framework in Frameworks */,
			);
			runOnlyForDeploymentPostprocessing = 0;
		};
		E9BDE367186A959400FD665C /* Frameworks */ = {
			isa = PBXFrameworksBuildPhase;
			buildActionMask = 2147483647;
			files = (
				E9BDE36C186A959400FD665C /* XCTest.framework in Frameworks */,
				E9BDE36E186A959400FD665C /* UIKit.framework in Frameworks */,
				E9BDE36D186A959400FD665C /* Foundation.framework in Frameworks */,
			);
			runOnlyForDeploymentPostprocessing = 0;
		};
/* End PBXFrameworksBuildPhase section */

/* Begin PBXGroup section */
		E9BDE340186A959400FD665C = {
			isa = PBXGroup;
			children = (
				E9BDE352186A959400FD665C /* Vhall */,
				E9BDE371186A959400FD665C /* VhallTests */,
				E9BDE34B186A959400FD665C /* Frameworks */,
				E9BDE34A186A959400FD665C /* Products */,
			);
			sourceTree = "<group>";
		};
		E9BDE34A186A959400FD665C /* Products */ = {
			isa = PBXGroup;
			children = (
				E9BDE349186A959400FD665C /* Vhall.app */,
				E9BDE36A186A959400FD665C /* VhallTests.xctest */,
			);
			name = Products;
			sourceTree = "<group>";
		};
		E9BDE34B186A959400FD665C /* Frameworks */ = {
			isa = PBXGroup;
			children = (
				E9BDE34C186A959400FD665C /* Foundation.framework */,
				E9BDE34E186A959400FD665C /* CoreGraphics.framework */,
				E9BDE350186A959400FD665C /* UIKit.framework */,
				E9BDE36B186A959400FD665C /* XCTest.framework */,
			);
			name = Frameworks;
			sourceTree = "<group>";
		};
		E9BDE352186A959400FD665C /* Vhall */ = {
			isa = PBXGroup;
			children = (
				E9BDE35B186A959400FD665C /* AppDelegate.h */,
				E9BDE35C186A959400FD665C /* AppDelegate.m */,
				E9BDE35E186A959400FD665C /* Main.storyboard */,
				E9BDE361186A959400FD665C /* ViewController.h */,
				E9BDE362186A959400FD665C /* ViewController.m */,
				E9BDE364186A959400FD665C /* Images.xcassets */,
				E9BDE353186A959400FD665C /* Supporting Files */,
			);
			path = Vhall;
			sourceTree = "<group>";
		};
		E9BDE353186A959400FD665C /* Supporting Files */ = {
			isa = PBXGroup;
			children = (
				E9BDE354186A959400FD665C /* Vhall-Info.plist */,
				E9BDE355186A959400FD665C /* InfoPlist.strings */,
				E9BDE358186A959400FD665C /* main.m */,
				E9BDE35A186A959400FD665C /* Vhall-Prefix.pch */,
			);
			name = "Supporting Files";
			sourceTree = "<group>";
		};
		E9BDE371186A959400FD665C /* VhallTests */ = {
			isa = PBXGroup;
			children = (
				E9BDE377186A959400FD665C /* VhallTests.m */,
				E9BDE372186A959400FD665C /* Supporting Files */,
			);
			path = VhallTests;
			sourceTree = "<group>";
		};
		E9BDE372186A959400FD665C /* Supporting Files */ = {
			isa = PBXGroup;
			children = (
				E9BDE373186A959400FD665C /* VhallTests-Info.plist */,
				E9BDE374186A959400FD665C /* InfoPlist.strings */,
			);
			name = "Supporting Files";
			sourceTree = "<group>";
		};
/* End PBXGroup section */

/* Begin PBXNativeTarget section */
		E9BDE348186A959400FD665C /* Vhall */ = {
			isa = PBXNativeTarget;
			buildConfigurationList = E9BDE37B186A959400FD665C /* Build configuration list for PBXNativeTarget "Vhall" */;
			buildPhases = (
				E9BDE345186A959400FD665C /* Sources */,
				E9BDE346186A959400FD665C /* Frameworks */,
				E9BDE347186A959400FD665C /* Resources */,
			);
			buildRules = (
			);
			dependencies = (
			);
			name = Vhall;
			productName = Vhall;
			productReference = E9BDE349186A959400FD665C /* Vhall.app */;
			productType = "com.apple.product-type.application";
		};
		E9BDE369186A959400FD665C /* VhallTests */ = {
			isa = PBXNativeTarget;
			buildConfigurationList = E9BDE37E186A959400FD665C /* Build configuration list for PBXNativeTarget "VhallTests" */;
			buildPhases = (
				E9BDE366186A959400FD665C /* Sources */,
				E9BDE367186A959400FD665C /* Frameworks */,
				E9BDE368186A959400FD665C /* Resources */,
			);
			buildRules = (
			);
			dependencies = (
				E9BDE370186A959400FD665C /* PBXTargetDependency */,
			);
			name = VhallTests;
			productName = VhallTests;
			productReference = E9BDE36A186A959400FD665C /* VhallTests.xctest */;
			productType = "com.apple.product-type.bundle.unit-test";
		};
/* End PBXNativeTarget section */

/* Begin PBXProject section */
		E9BDE341186A959400FD665C /* Project object */ = {
			isa = PBXProject;
			attributes = {
				LastUpgradeCheck = 0500;
				ORGANIZATIONNAME = vhallrd01;
				TargetAttributes = {
					E9BDE369186A959400FD665C = {
						TestTargetID = E9BDE348186A959400FD665C;
					};
				};
			};
			buildConfigurationList = E9BDE344186A959400FD665C /* Build configuration list for PBXProject "Vhall" */;
			compatibilityVersion = "Xcode 3.2";
			developmentRegion = English;
			hasScannedForEncodings = 0;
			knownRegions = (
				en,
				Base,
			);
			mainGroup = E9BDE340186A959400FD665C;
			productRefGroup = E9BDE34A186A959400FD665C /* Products */;
			projectDirPath = "";
			projectRoot = "";
			targets = (
				E9BDE348186A959400FD665C /* Vhall */,
				E9BDE369186A959400FD665C /* VhallTests */,
			);
		};
/* End PBXProject section */

/* Begin PBXResourcesBuildPhase section */
		E9BDE347186A959400FD665C /* Resources */ = {
			isa = PBXResourcesBuildPhase;
			buildActionMask = 2147483647;
			files = (
				E9BDE365186A959400FD665C /* Images.xcassets in Resources */,
				E9BDE357186A959400FD665C /* InfoPlist.strings in Resources */,
				E9BDE360186A959400FD665C /* Main.storyboard in Resources */,
			);
			runOnlyForDeploymentPostprocessing = 0;
		};
		E9BDE368186A959400FD665C /* Resources */ = {
			isa = PBXResourcesBuildPhase;
			buildActionMask = 2147483647;
			files = (
				E9BDE376186A959400FD665C /* InfoPlist.strings in Resources */,
			);
			runOnlyForDeploymentPostprocessing = 0;
		};
/* End PBXResourcesBuildPhase section */

/* Begin PBXSourcesBuildPhase section */
		E9BDE345186A959400FD665C /* Sources */ = {
			isa = PBXSourcesBuildPhase;
			buildActionMask = 2147483647;
			files = (
				E9BDE363186A959400FD665C /* ViewController.m in Sources */,
				E9BDE35D186A959400FD665C /* AppDelegate.m in Sources */,
				E9BDE359186A959400FD665C /* main.m in Sources */,
			);
			runOnlyForDeploymentPostprocessing = 0;
		};
		E9BDE366186A959400FD665C /* Sources */ = {
			isa = PBXSourcesBuildPhase;
			buildActionMask = 2147483647;
			files = (
				E9BDE378186A959400FD665C /* VhallTests.m in Sources */,
			);
			runOnlyForDeploymentPostprocessing = 0;
		};
/* End PBXSourcesBuildPhase section */

/* Begin PBXTargetDependency section */
		E9BDE370186A959400FD665C /* PBXTargetDependency */ = {
			isa = PBXTargetDependency;
			target = E9BDE348186A959400FD665C /* Vhall */;
			targetProxy = E9BDE36F186A959400FD665C /* PBXContainerItemProxy */;
		};
/* End PBXTargetDependency section */

/* Begin PBXVariantGroup section */
		E9BDE355186A959400FD665C /* InfoPlist.strings */ = {
			isa = PBXVariantGroup;
			children = (
				E9BDE356186A959400FD665C /* en */,
			);
			name = InfoPlist.strings;
			sourceTree = "<group>";
		};
		E9BDE35E186A959400FD665C /* Main.storyboard */ = {
			isa = PBXVariantGroup;
			children = (
				E9BDE35F186A959400FD665C /* Base */,
			);
			name = Main.storyboard;
			sourceTree = "<group>";
		};
		E9BDE374186A959400FD665C /* InfoPlist.strings */ = {
			isa = PBXVariantGroup;
			children = (
				E9BDE375186A959400FD665C /* en */,
			);
			name = InfoPlist.strings;
			sourceTree = "<group>";
		};
/* End PBXVariantGroup section */

/* Begin XCBuildConfiguration section */
		E9BDE379186A959400FD665C /* Debug */ = {
			isa = XCBuildConfiguration;
			buildSettings = {
				ALWAYS_SEARCH_USER_PATHS = NO;
				ARCHS = "$(ARCHS_STANDARD_INCLUDING_64_BIT)";
				CLANG_CXX_LANGUAGE_STANDARD = "gnu++0x";
				CLANG_CXX_LIBRARY = "libc++";
				CLANG_ENABLE_MODULES = YES;
				CLANG_ENABLE_OBJC_ARC = YES;
				CLANG_WARN_BOOL_CONVERSION = YES;
				CLANG_WARN_CONSTANT_CONVERSION = YES;
				CLANG_WARN_DIRECT_OBJC_ISA_USAGE = YES_ERROR;
				CLANG_WARN_EMPTY_BODY = YES;
				CLANG_WARN_ENUM_CONVERSION = YES;
				CLANG_WARN_INT_CONVERSION = YES;
				CLANG_WARN_OBJC_ROOT_CLASS = YES_ERROR;
				CLANG_WARN__DUPLICATE_METHOD_MATCH = YES;
				"CODE_SIGN_IDENTITY[sdk=iphoneos*]" = "iPhone Developer";
				COPY_PHASE_STRIP = NO;
				GCC_C_LANGUAGE_STANDARD = gnu99;
				GCC_DYNAMIC_NO_PIC = NO;
				GCC_OPTIMIZATION_LEVEL = 0;
				GCC_PREPROCESSOR_DEFINITIONS = (
					"DEBUG=1",
					"$(inherited)",
				);
				GCC_SYMBOLS_PRIVATE_EXTERN = NO;
				GCC_WARN_64_TO_32_BIT_CONVERSION = YES;
				GCC_WARN_ABOUT_RETURN_TYPE = YES_ERROR;
				GCC_WARN_UNDECLARED_SELECTOR = YES;
				GCC_WARN_UNINITIALIZED_AUTOS = YES;
				GCC_WARN_UNUSED_FUNCTION = YES;
				GCC_WARN_UNUSED_VARIABLE = YES;
				IPHONEOS_DEPLOYMENT_TARGET = 7.0;
				ONLY_ACTIVE_ARCH = YES;
				SDKROOT = iphoneos;
			};
			name = Debug;
		};
		E9BDE37A186A959400FD665C /* Release */ = {
			isa = XCBuildConfiguration;
			buildSettings = {
				ALWAYS_SEARCH_USER_PATHS = NO;
				ARCHS = "$(ARCHS_STANDARD_INCLUDING_64_BIT)";
				CLANG_CXX_LANGUAGE_STANDARD = "gnu++0x";
				CLANG_CXX_LIBRARY = "libc++";
				CLANG_ENABLE_MODULES = YES;
				CLANG_ENABLE_OBJC_ARC = YES;
				CLANG_WARN_BOOL_CONVERSION = YES;
				CLANG_WARN_CONSTANT_CONVERSION = YES;
				CLANG_WARN_DIRECT_OBJC_ISA_USAGE = YES_ERROR;
				CLANG_WARN_EMPTY_BODY = YES;
				CLANG_WARN_ENUM_CONVERSION = YES;
				CLANG_WARN_INT_CONVERSION = YES;
				CLANG_WARN_OBJC_ROOT_CLASS = YES_ERROR;
				CLANG_WARN__DUPLICATE_METHOD_MATCH = YES;
				"CODE_SIGN_IDENTITY[sdk=iphoneos*]" = "iPhone Developer";
				COPY_PHASE_STRIP = YES;
				ENABLE_NS_ASSERTIONS = NO;
				GCC_C_LANGUAGE_STANDARD = gnu99;
				GCC_WARN_64_TO_32_BIT_CONVERSION = YES;
				GCC_WARN_ABOUT_RETURN_TYPE = YES_ERROR;
				GCC_WARN_UNDECLARED_SELECTOR = YES;
				GCC_WARN_UNINITIALIZED_AUTOS = YES;
				GCC_WARN_UNUSED_FUNCTION = YES;
				GCC_WARN_UNUSED_VARIABLE = YES;
				IPHONEOS_DEPLOYMENT_TARGET = 7.0;
				SDKROOT = iphoneos;
				VALIDATE_PRODUCT = YES;
			};
			name = Release;
		};
		E9BDE37C186A959400FD665C /* Debug */ = {
			isa = XCBuildConfiguration;
			buildSettings = {
				ASSETCATALOG_COMPILER_APPICON_NAME = AppIcon;
				ASSETCATALOG_COMPILER_LAUNCHIMAGE_NAME = LaunchImage;
				GCC_PRECOMPILE_PREFIX_HEADER = YES;
				GCC_PREFIX_HEADER = "Vhall/Vhall-Prefix.pch";
				INFOPLIST_FILE = "Vhall/Vhall-Info.plist";
				PRODUCT_NAME = "$(TARGET_NAME)";
				WRAPPER_EXTENSION = app;
			};
			name = Debug;
		};
		E9BDE37D186A959400FD665C /* Release */ = {
			isa = XCBuildConfiguration;
			buildSettings = {
				ASSETCATALOG_COMPILER_APPICON_NAME = AppIcon;
				ASSETCATALOG_COMPILER_LAUNCHIMAGE_NAME = LaunchImage;
				GCC_PRECOMPILE_PREFIX_HEADER = YES;
				GCC_PREFIX_HEADER = "Vhall/Vhall-Prefix.pch";
				INFOPLIST_FILE = "Vhall/Vhall-Info.plist";
				PRODUCT_NAME = "$(TARGET_NAME)";
				WRAPPER_EXTENSION = app;
			};
			name = Release;
		};
		E9BDE37F186A959400FD665C /* Debug */ = {
			isa = XCBuildConfiguration;
			buildSettings = {
				ARCHS = "$(ARCHS_STANDARD_INCLUDING_64_BIT)";
				BUNDLE_LOADER = "$(BUILT_PRODUCTS_DIR)/Vhall.app/Vhall";
				FRAMEWORK_SEARCH_PATHS = (
					"$(SDKROOT)/Developer/Library/Frameworks",
					"$(inherited)",
					"$(DEVELOPER_FRAMEWORKS_DIR)",
				);
				GCC_PRECOMPILE_PREFIX_HEADER = YES;
				GCC_PREFIX_HEADER = "Vhall/Vhall-Prefix.pch";
				GCC_PREPROCESSOR_DEFINITIONS = (
					"DEBUG=1",
					"$(inherited)",
				);
				INFOPLIST_FILE = "VhallTests/VhallTests-Info.plist";
				PRODUCT_NAME = "$(TARGET_NAME)";
				TEST_HOST = "$(BUNDLE_LOADER)";
				WRAPPER_EXTENSION = xctest;
			};
			name = Debug;
		};
		E9BDE380186A959400FD665C /* Release */ = {
			isa = XCBuildConfiguration;
			buildSettings = {
				ARCHS = "$(ARCHS_STANDARD_INCLUDING_64_BIT)";
				BUNDLE_LOADER = "$(BUILT_PRODUCTS_DIR)/Vhall.app/Vhall";
				FRAMEWORK_SEARCH_PATHS = (
					"$(SDKROOT)/Developer/Library/Frameworks",
					"$(inherited)",
					"$(DEVELOPER_FRAMEWORKS_DIR)",
				);
				GCC_PRECOMPILE_PREFIX_HEADER = YES;
				GCC_PREFIX_HEADER = "Vhall/Vhall-Prefix.pch";
				INFOPLIST_FILE = "VhallTests/VhallTests-Info.plist";
				PRODUCT_NAME = "$(TARGET_NAME)";
				TEST_HOST = "$(BUNDLE_LOADER)";
				WRAPPER_EXTENSION = xctest;
			};
			name = Release;
		};
/* End XCBuildConfiguration section */

/* Begin XCConfigurationList section */
		E9BDE344186A959400FD665C /* Build configuration list for PBXProject "Vhall" */ = {
			isa = XCConfigurationList;
			buildConfigurations = (
				E9BDE379186A959400FD665C /* Debug */,
				E9BDE37A186A959400FD665C /* Release */,
			);
			defaultConfigurationIsVisible = 0;
			defaultConfigurationName = Release;
		};
		E9BDE37B186A959400FD665C /* Build configuration list for PBXNativeTarget "Vhall" */ = {
			isa = XCConfigurationList;
			buildConfigurations = (
				E9BDE37C186A959400FD665C /* Debug */,
				E9BDE37D186A959400FD665C /* Release */,
			);
			defaultConfigurationIsVisible = 0;
		};
		E9BDE37E186A959400FD665C /* Build configuration list for PBXNativeTarget "VhallTests" */ = {
			isa = XCConfigurationList;
			buildConfigurations = (
				E9BDE37F186A959400FD665C /* Debug */,
				E9BDE380186A959400FD665C /* Release */,
			);
			defaultConfigurationIsVisible = 0;
		};
/* End XCConfigurationList section */
	};
	rootObject = E9BDE341186A959400FD665C /* Project object */;
}
